
Microsoft Visual Studio Solution File, Format Version 12.00
# Visual Studio Version 16
VisualStudioVersion = 16.0.31424.327
MinimumVisualStudioVersion = 10.0.40219.1
Project("{FAE04EC0-301F-11D3-BF4B-00C04F79EFBC}") = "Ejecicio24Vercion03", "Ejecicio24Vercion03\Ejecicio24Vercion03.csproj", "{9256E80F-9B3E-4825-BCFE-FBFE229A6748}"
EndProject
Global
	GlobalSection(SolutionConfigurationPlatforms) = preSolution
		Debug|Any CPU = Debug|Any CPU
		Release|Any CPU = Release|Any CPU
	EndGlobalSection
	GlobalSection(ProjectConfigurationPlatforms) = postSolution
		{9256E80F-9B3E-4825-BCFE-FBFE229A6748}.Debug|Any CPU.ActiveCfg = Debug|Any CPU
		{9256E80F-9B3E-4825-BCFE-FBFE229A6748}.Debug|Any CPU.Build.0 = Debug|Any CPU
		{9256E80F-9B3E-4825-BCFE-FBFE229A6748}.Release|Any CPU.ActiveCfg = Release|Any CPU
		{9256E80F-9B3E-4825-BCFE-FBFE229A6748}.Release|Any CPU.Build.0 = Release|Any CPU
	EndGlobalSection
	GlobalSection(SolutionProperties) = preSolution
		HideSolutionNode = FALSE
	EndGlobalSection
	GlobalSection(ExtensibilityGlobals) = postSolution
		SolutionGuid = {4F65AB87-3ED5-4CE5-8137-08CE3D82C587}
	EndGlobalSection
EndGlobal
